
Microsoft Visual Studio Solution File, Format Version 12.00
# Visual Studio Version 16
VisualStudioVersion = 16.0.32228.343
MinimumVisualStudioVersion = 10.0.40219.1
Project("{FAE04EC0-301F-11D3-BF4B-00C04F79EFBC}") = "ITMO.DevelopmentFoudation2022.MinMax_array", "ITMO.DevelopmentFoudation2022.MinMax_array\ITMO.DevelopmentFoudation2022.MinMax_array.csproj", "{3AD2B816-4E5D-4825-A678-4232C73500E4}"
EndProject
Global
	GlobalSection(SolutionConfigurationPlatforms) = preSolution
		Debug|Any CPU = Debug|Any CPU
		Release|Any CPU = Release|Any CPU
	EndGlobalSection
	GlobalSection(ProjectConfigurationPlatforms) = postSolution
		{3AD2B816-4E5D-4825-A678-4232C73500E4}.Debug|Any CPU.ActiveCfg = Debug|Any CPU
		{3AD2B816-4E5D-4825-A678-4232C73500E4}.Debug|Any CPU.Build.0 = Debug|Any CPU
		{3AD2B816-4E5D-4825-A678-4232C73500E4}.Release|Any CPU.ActiveCfg = Release|Any CPU
		{3AD2B816-4E5D-4825-A678-4232C73500E4}.Release|Any CPU.Build.0 = Release|Any CPU
	EndGlobalSection
	GlobalSection(SolutionProperties) = preSolution
		HideSolutionNode = FALSE
	EndGlobalSection
	GlobalSection(ExtensibilityGlobals) = postSolution
		SolutionGuid = {5CD00A4E-BA7F-4230-93BD-FAFD4734AAE2}
	EndGlobalSection
EndGlobal
